
Microsoft Visual Studio Solution File, Format Version 12.00
# Visual Studio Version 17
VisualStudioVersion = 17.0.31903.59
MinimumVisualStudioVersion = 10.0.40219.1
Project("{2150E333-8FDC-42A3-9474-1A3956D46DE8}") = "src", "src", "{486CEA58-8556-42B6-9CA0-8ED1D1C2D71B}"
EndProject
Project("{FAE04EC0-301F-11D3-BF4B-00C04F79EFBC}") = "SegurosDelPacific.web", "src\SegurosDelPacific.web\SegurosDelPacific.web.csproj", "{A5EC76B2-AE66-4337-B818-6926CFECFFDD}"
EndProject
Global
	GlobalSection(SolutionConfigurationPlatforms) = preSolution
		Debug|Any CPU = Debug|Any CPU
		Release|Any CPU = Release|Any CPU
	EndGlobalSection
	GlobalSection(ProjectConfigurationPlatforms) = postSolution
		{A5EC76B2-AE66-4337-B818-6926CFECFFDD}.Debug|Any CPU.ActiveCfg = Debug|Any CPU
		{A5EC76B2-AE66-4337-B818-6926CFECFFDD}.Debug|Any CPU.Build.0 = Debug|Any CPU
		{A5EC76B2-AE66-4337-B818-6926CFECFFDD}.Release|Any CPU.ActiveCfg = Release|Any CPU
		{A5EC76B2-AE66-4337-B818-6926CFECFFDD}.Release|Any CPU.Build.0 = Release|Any CPU
	EndGlobalSection
	GlobalSection(SolutionProperties) = preSolution
		HideSolutionNode = FALSE
	EndGlobalSection
	GlobalSection(NestedProjects) = preSolution
		{A5EC76B2-AE66-4337-B818-6926CFECFFDD} = {486CEA58-8556-42B6-9CA0-8ED1D1C2D71B}
	EndGlobalSection
EndGlobal
